<?xml version="1.0" encoding="utf-8"?>
<Project ToolsVersion="4.0" xmlns="http://schemas.microsoft.com/developer/msbuild/2003">
  <ItemGroup>
    <Filter Include="Source Files">
      <UniqueIdentifier>{4FC737F1-C7A5-4376-A066-2A32D752A2FF}</UniqueIdentifier>
      <Extensions>cpp;c;cc;cxx;def;odl;idl;hpj;bat;asm;asmx</Extensions>
    </Filter>
    <Filter Include="Header Files">
      <UniqueIdentifier>{93995380-89BD-4b04-88EB-625FBE52EBFB}</UniqueIdentifier>
      <Extensions>h;hh;hpp;hxx;hm;inl;inc;xsd</Extensions>
    </Filter>
    <Filter Include="Resource Files">
      <UniqueIdentifier>{67DA6AB6-F800-4c08-8B7A-83BB121AAD01}</UniqueIdentifier>
      <Extensions>rc;ico;cur;bmp;dlg;rc2;rct;bin;rgs;gif;jpg;jpeg;jpe;resx;tiff;tif;png;wav;mfcribbon-ms</Extensions>
    </Filter>
  </ItemGroup>
  <ItemGroup>
    <Text Include="ReadMe.txt" />
  </ItemGroup>
  <ItemGroup>
    <ClInclude Include="stdafx.h">
      <Filter>Header Files</Filter>
    </ClInclude>
    <ClInclude Include="targetver.h">
      <Filter>Header Files</Filter>
    </ClInclude>
    <ClInclude Include="FoldArrayByMiddle.h">
      <Filter>Header Files</Filter>
    </ClInclude>
    <ClInclude Include="SumNth.h">
      <Filter>Header Files</Filter>
    </ClInclude>
    <ClInclude Include="PerfMeasure.h">
      <Filter>Source Files</Filter>
    </ClInclude>
  </ItemGroup>
  <ItemGroup>
    <ClCompile Include="stdafx.cpp">
      <Filter>Source Files</Filter>
    </ClCompile>
    <ClCompile Include="main.cpp">
      <Filter>Source Files</Filter>
    </ClCompile>
    <ClCompile Include="FoldArrayByMiddle.cpp">
      <Filter>Source Files</Filter>
    </ClCompile>
    <ClCompile Include="SumNth.cpp">
      <Filter>Source Files</Filter>
    </ClCompile>
    <ClCompile Include="stray.cpp">
      <Filter>Source Files</Filter>
    </ClCompile>
    <ClCompile Include="declareWinner.cpp">
      <Filter>Source Files</Filter>
    </ClCompile>
    <ClCompile Include="sortByLength.cpp">
      <Filter>Source Files</Filter>
    </ClCompile>
    <ClCompile Include="Encode.cpp">
      <Filter>Source Files</Filter>
    </ClCompile>
    <ClCompile Include="multi_3_5.cpp">
      <Filter>Source Files</Filter>
    </ClCompile>
    <ClCompile Include="missingInArithmeticProgression.cpp">
      <Filter>Source Files</Filter>
    </ClCompile>
    <ClCompile Include="TourGraph.cpp">
      <Filter>Source Files</Filter>
    </ClCompile>
    <ClCompile Include="PiApprox.cpp">
      <Filter>Source Files</Filter>
    </ClCompile>
    <ClCompile Include="Johnann_katas.cpp">
      <Filter>Source Files</Filter>
    </ClCompile>
    <ClCompile Include="Zeroes.cpp">
      <Filter>Source Files</Filter>
    </ClCompile>
    <ClCompile Include="arrayToTree.cpp">
      <Filter>Source Files</Filter>
    </ClCompile>
    <ClCompile Include="Chain_adding_function.cpp">
      <Filter>Source Files</Filter>
    </ClCompile>
    <ClCompile Include="Mix.cpp">
      <Filter>Source Files</Filter>
    </ClCompile>
    <ClCompile Include="Phone_Directory.cpp">
      <Filter>Source Files</Filter>
    </ClCompile>
    <ClCompile Include="Tuple_sum.cpp">
      <Filter>Source Files</Filter>
    </ClCompile>
    <ClCompile Include="Roman_Numerals_Encoder.cpp">
      <Filter>Source Files</Filter>
    </ClCompile>
    <ClCompile Include="Number_of_Proper_Fractions_with_Denominator_d.cpp">
      <Filter>Source Files</Filter>
    </ClCompile>
    <ClCompile Include="Large_Factorials.cpp">
      <Filter>Source Files</Filter>
    </ClCompile>
    <ClCompile Include="Count_ones_in_a_segment.cpp">
      <Filter>Source Files</Filter>
    </ClCompile>
    <ClCompile Include="Constructing_a_car.cpp">
      <Filter>Source Files</Filter>
    </ClCompile>
    <ClCompile Include="Going_to_zero_or_to_infinity.cpp">
      <Filter>Source Files</Filter>
    </ClCompile>
    <ClCompile Include="k-Primes.cpp">
      <Filter>Source Files</Filter>
    </ClCompile>
    <ClCompile Include="German-Fussball-Bundesliga.cpp">
      <Filter>Source Files</Filter>
    </ClCompile>
  </ItemGroup>
</Project>